
Microsoft Visual Studio Solution File, Format Version 12.00
# Visual Studio Version 16
VisualStudioVersion = 16.0.29806.167
MinimumVisualStudioVersion = 15.0.26124.0
Project("{9A19103F-16F7-4668-BE54-9A1E7A4F7556}") = "Icarus.Actuators.Motor", "Icarus.Actuators.Motor\Icarus.Actuators.Motor.csproj", "{42FA6233-BCA7-480D-997E-0830FB02C8B9}"
EndProject
Project("{9A19103F-16F7-4668-BE54-9A1E7A4F7556}") = "Icarus.App", "Icarus.App\Icarus.App.csproj", "{03F218E4-3C4C-4725-85E6-47FAB21E76F7}"
EndProject
Project("{9A19103F-16F7-4668-BE54-9A1E7A4F7556}") = "Icarus.Sensors.Tof", "Icarus.Sensors.Tof\Icarus.Sensors.Tof.csproj", "{B7F8C749-EB76-406A-AD84-756D25C3BDF3}"
EndProject
Project("{9A19103F-16F7-4668-BE54-9A1E7A4F7556}") = "Icarus.Sensors.ObjectDetection", "Icarus.Sensors.ObjectDetection\Icarus.Sensors.ObjectDetection.csproj", "{08D26F35-90C8-41A6-BAE8-7D74F038A80E}"
EndProject
Project("{9A19103F-16F7-4668-BE54-9A1E7A4F7556}") = "Icarus.Sensors.Tilt", "Icarus.Sensors.Tilt\Icarus.Sensors.Tilt.csproj", "{8FF6643E-B5C2-4089-A343-760245B5E04B}"
EndProject
Project("{9A19103F-16F7-4668-BE54-9A1E7A4F7556}") = "Icarus.Sensors.Motor", "Icarus.Sensors.Motor\Icarus.Sensors.Motor.csproj", "{630D4A32-4F4B-48CE-A4E9-32D4FD00B007}"
EndProject
Project("{9A19103F-16F7-4668-BE54-9A1E7A4F7556}") = "Icarus.Common", "Icarus.Common\Icarus.Common.csproj", "{14C5116E-ACC1-4C5F-A514-CC65126075FF}"
EndProject
Project("{2150E333-8FDC-42A3-9474-1A3956D46DE8}") = "src", "src", "{58FA2056-605B-44F2-9A05-EA1D14B38330}"
EndProject
Project("{2150E333-8FDC-42A3-9474-1A3956D46DE8}") = "test", "test", "{E5E6E6CD-3C9A-456E-AE93-17BC33287D4B}"
EndProject
Project("{FAE04EC0-301F-11D3-BF4B-00C04F79EFBC}") = "Icarus.Sensors.Tof.Test", "Icarus.Sensors.Tof.Test\Icarus.Sensors.Tof.Test.csproj", "{B2B6CA9B-9253-4906-9485-034A1791E37E}"
EndProject
Project("{2150E333-8FDC-42A3-9474-1A3956D46DE8}") = "Tof", "Tof", "{74C86CAA-D145-46CF-AB77-504C7787C58F}"
EndProject
Project("{FAE04EC0-301F-11D3-BF4B-00C04F79EFBC}") = "Icarus.Sensors.Tof.ManualTests", "Icarus.Sensors.Tof.ManualTests\Icarus.Sensors.Tof.ManualTests.csproj", "{2D898BBE-9531-4C10-A736-6683CBC36DB5}"
EndProject
Project("{2150E333-8FDC-42A3-9474-1A3956D46DE8}") = "Tilt", "Tilt", "{63E5FE5C-E175-443C-A19D-19A06CDA0060}"
EndProject
Project("{FAE04EC0-301F-11D3-BF4B-00C04F79EFBC}") = "Icarus.Sensors.Tilt.ManualTests", "Icarus.Sensors.Tilt.ManualTests\Icarus.Sensors.Tilt.ManualTests.csproj", "{CB38ACEF-F120-4D8A-8440-4A65A170E150}"
EndProject
Project("{2150E333-8FDC-42A3-9474-1A3956D46DE8}") = "Motor", "Motor", "{8F35531F-AE26-4A72-B982-812FB6F310B9}"
EndProject
Project("{FAE04EC0-301F-11D3-BF4B-00C04F79EFBC}") = "Icarus.Actuators.Motor.ManualTests", "Icarus.Actuators.Motor.ManualTests\Icarus.Actuators.Motor.ManualTests.csproj", "{6ABD9257-31C2-4618-A507-280532620282}"
EndProject
Global
	GlobalSection(SolutionConfigurationPlatforms) = preSolution
		Debug|Any CPU = Debug|Any CPU
		Debug|x64 = Debug|x64
		Debug|x86 = Debug|x86
		Release|Any CPU = Release|Any CPU
		Release|x64 = Release|x64
		Release|x86 = Release|x86
	EndGlobalSection
	GlobalSection(ProjectConfigurationPlatforms) = postSolution
		{42FA6233-BCA7-480D-997E-0830FB02C8B9}.Debug|Any CPU.ActiveCfg = Debug|Any CPU
		{42FA6233-BCA7-480D-997E-0830FB02C8B9}.Debug|Any CPU.Build.0 = Debug|Any CPU
		{42FA6233-BCA7-480D-997E-0830FB02C8B9}.Debug|x64.ActiveCfg = Debug|Any CPU
		{42FA6233-BCA7-480D-997E-0830FB02C8B9}.Debug|x64.Build.0 = Debug|Any CPU
		{42FA6233-BCA7-480D-997E-0830FB02C8B9}.Debug|x86.ActiveCfg = Debug|Any CPU
		{42FA6233-BCA7-480D-997E-0830FB02C8B9}.Debug|x86.Build.0 = Debug|Any CPU
		{42FA6233-BCA7-480D-997E-0830FB02C8B9}.Release|Any CPU.ActiveCfg = Release|Any CPU
		{42FA6233-BCA7-480D-997E-0830FB02C8B9}.Release|Any CPU.Build.0 = Release|Any CPU
		{42FA6233-BCA7-480D-997E-0830FB02C8B9}.Release|x64.ActiveCfg = Release|Any CPU
		{42FA6233-BCA7-480D-997E-0830FB02C8B9}.Release|x64.Build.0 = Release|Any CPU
		{42FA6233-BCA7-480D-997E-0830FB02C8B9}.Release|x86.ActiveCfg = Release|Any CPU
		{42FA6233-BCA7-480D-997E-0830FB02C8B9}.Release|x86.Build.0 = Release|Any CPU
		{03F218E4-3C4C-4725-85E6-47FAB21E76F7}.Debug|Any CPU.ActiveCfg = Debug|Any CPU
		{03F218E4-3C4C-4725-85E6-47FAB21E76F7}.Debug|Any CPU.Build.0 = Debug|Any CPU
		{03F218E4-3C4C-4725-85E6-47FAB21E76F7}.Debug|x64.ActiveCfg = Debug|Any CPU
		{03F218E4-3C4C-4725-85E6-47FAB21E76F7}.Debug|x64.Build.0 = Debug|Any CPU
		{03F218E4-3C4C-4725-85E6-47FAB21E76F7}.Debug|x86.ActiveCfg = Debug|Any CPU
		{03F218E4-3C4C-4725-85E6-47FAB21E76F7}.Debug|x86.Build.0 = Debug|Any CPU
		{03F218E4-3C4C-4725-85E6-47FAB21E76F7}.Release|Any CPU.ActiveCfg = Release|Any CPU
		{03F218E4-3C4C-4725-85E6-47FAB21E76F7}.Release|Any CPU.Build.0 = Release|Any CPU
		{03F218E4-3C4C-4725-85E6-47FAB21E76F7}.Release|x64.ActiveCfg = Release|Any CPU
		{03F218E4-3C4C-4725-85E6-47FAB21E76F7}.Release|x64.Build.0 = Release|Any CPU
		{03F218E4-3C4C-4725-85E6-47FAB21E76F7}.Release|x86.ActiveCfg = Release|Any CPU
		{03F218E4-3C4C-4725-85E6-47FAB21E76F7}.Release|x86.Build.0 = Release|Any CPU
		{B7F8C749-EB76-406A-AD84-756D25C3BDF3}.Debug|Any CPU.ActiveCfg = Debug|Any CPU
		{B7F8C749-EB76-406A-AD84-756D25C3BDF3}.Debug|Any CPU.Build.0 = Debug|Any CPU
		{B7F8C749-EB76-406A-AD84-756D25C3BDF3}.Debug|x64.ActiveCfg = Debug|Any CPU
		{B7F8C749-EB76-406A-AD84-756D25C3BDF3}.Debug|x64.Build.0 = Debug|Any CPU
		{B7F8C749-EB76-406A-AD84-756D25C3BDF3}.Debug|x86.ActiveCfg = Debug|Any CPU
		{B7F8C749-EB76-406A-AD84-756D25C3BDF3}.Debug|x86.Build.0 = Debug|Any CPU
		{B7F8C749-EB76-406A-AD84-756D25C3BDF3}.Release|Any CPU.ActiveCfg = Release|Any CPU
		{B7F8C749-EB76-406A-AD84-756D25C3BDF3}.Release|Any CPU.Build.0 = Release|Any CPU
		{B7F8C749-EB76-406A-AD84-756D25C3BDF3}.Release|x64.ActiveCfg = Release|Any CPU
		{B7F8C749-EB76-406A-AD84-756D25C3BDF3}.Release|x64.Build.0 = Release|Any CPU
		{B7F8C749-EB76-406A-AD84-756D25C3BDF3}.Release|x86.ActiveCfg = Release|Any CPU
		{B7F8C749-EB76-406A-AD84-756D25C3BDF3}.Release|x86.Build.0 = Release|Any CPU
		{08D26F35-90C8-41A6-BAE8-7D74F038A80E}.Debug|Any CPU.ActiveCfg = Debug|Any CPU
		{08D26F35-90C8-41A6-BAE8-7D74F038A80E}.Debug|Any CPU.Build.0 = Debug|Any CPU
		{08D26F35-90C8-41A6-BAE8-7D74F038A80E}.Debug|x64.ActiveCfg = Debug|Any CPU
		{08D26F35-90C8-41A6-BAE8-7D74F038A80E}.Debug|x64.Build.0 = Debug|Any CPU
		{08D26F35-90C8-41A6-BAE8-7D74F038A80E}.Debug|x86.ActiveCfg = Debug|Any CPU
		{08D26F35-90C8-41A6-BAE8-7D74F038A80E}.Debug|x86.Build.0 = Debug|Any CPU
		{08D26F35-90C8-41A6-BAE8-7D74F038A80E}.Release|Any CPU.ActiveCfg = Release|Any CPU
		{08D26F35-90C8-41A6-BAE8-7D74F038A80E}.Release|Any CPU.Build.0 = Release|Any CPU
		{08D26F35-90C8-41A6-BAE8-7D74F038A80E}.Release|x64.ActiveCfg = Release|Any CPU
		{08D26F35-90C8-41A6-BAE8-7D74F038A80E}.Release|x64.Build.0 = Release|Any CPU
		{08D26F35-90C8-41A6-BAE8-7D74F038A80E}.Release|x86.ActiveCfg = Release|Any CPU
		{08D26F35-90C8-41A6-BAE8-7D74F038A80E}.Release|x86.Build.0 = Release|Any CPU
		{8FF6643E-B5C2-4089-A343-760245B5E04B}.Debug|Any CPU.ActiveCfg = Debug|Any CPU
		{8FF6643E-B5C2-4089-A343-760245B5E04B}.Debug|Any CPU.Build.0 = Debug|Any CPU
		{8FF6643E-B5C2-4089-A343-760245B5E04B}.Debug|x64.ActiveCfg = Debug|Any CPU
		{8FF6643E-B5C2-4089-A343-760245B5E04B}.Debug|x64.Build.0 = Debug|Any CPU
		{8FF6643E-B5C2-4089-A343-760245B5E04B}.Debug|x86.ActiveCfg = Debug|Any CPU
		{8FF6643E-B5C2-4089-A343-760245B5E04B}.Debug|x86.Build.0 = Debug|Any CPU
		{8FF6643E-B5C2-4089-A343-760245B5E04B}.Release|Any CPU.ActiveCfg = Release|Any CPU
		{8FF6643E-B5C2-4089-A343-760245B5E04B}.Release|Any CPU.Build.0 = Release|Any CPU
		{8FF6643E-B5C2-4089-A343-760245B5E04B}.Release|x64.ActiveCfg = Release|Any CPU
		{8FF6643E-B5C2-4089-A343-760245B5E04B}.Release|x64.Build.0 = Release|Any CPU
		{8FF6643E-B5C2-4089-A343-760245B5E04B}.Release|x86.ActiveCfg = Release|Any CPU
		{8FF6643E-B5C2-4089-A343-760245B5E04B}.Release|x86.Build.0 = Release|Any CPU
		{630D4A32-4F4B-48CE-A4E9-32D4FD00B007}.Debug|Any CPU.ActiveCfg = Debug|Any CPU
		{630D4A32-4F4B-48CE-A4E9-32D4FD00B007}.Debug|Any CPU.Build.0 = Debug|Any CPU
		{630D4A32-4F4B-48CE-A4E9-32D4FD00B007}.Debug|x64.ActiveCfg = Debug|Any CPU
		{630D4A32-4F4B-48CE-A4E9-32D4FD00B007}.Debug|x64.Build.0 = Debug|Any CPU
		{630D4A32-4F4B-48CE-A4E9-32D4FD00B007}.Debug|x86.ActiveCfg = Debug|Any CPU
		{630D4A32-4F4B-48CE-A4E9-32D4FD00B007}.Debug|x86.Build.0 = Debug|Any CPU
		{630D4A32-4F4B-48CE-A4E9-32D4FD00B007}.Release|Any CPU.ActiveCfg = Release|Any CPU
		{630D4A32-4F4B-48CE-A4E9-32D4FD00B007}.Release|Any CPU.Build.0 = Release|Any CPU
		{630D4A32-4F4B-48CE-A4E9-32D4FD00B007}.Release|x64.ActiveCfg = Release|Any CPU
		{630D4A32-4F4B-48CE-A4E9-32D4FD00B007}.Release|x64.Build.0 = Release|Any CPU
		{630D4A32-4F4B-48CE-A4E9-32D4FD00B007}.Release|x86.ActiveCfg = Release|Any CPU
		{630D4A32-4F4B-48CE-A4E9-32D4FD00B007}.Release|x86.Build.0 = Release|Any CPU
		{14C5116E-ACC1-4C5F-A514-CC65126075FF}.Debug|Any CPU.ActiveCfg = Debug|Any CPU
		{14C5116E-ACC1-4C5F-A514-CC65126075FF}.Debug|Any CPU.Build.0 = Debug|Any CPU
		{14C5116E-ACC1-4C5F-A514-CC65126075FF}.Debug|x64.ActiveCfg = Debug|Any CPU
		{14C5116E-ACC1-4C5F-A514-CC65126075FF}.Debug|x64.Build.0 = Debug|Any CPU
		{14C5116E-ACC1-4C5F-A514-CC65126075FF}.Debug|x86.ActiveCfg = Debug|Any CPU
		{14C5116E-ACC1-4C5F-A514-CC65126075FF}.Debug|x86.Build.0 = Debug|Any CPU
		{14C5116E-ACC1-4C5F-A514-CC65126075FF}.Release|Any CPU.ActiveCfg = Release|Any CPU
		{14C5116E-ACC1-4C5F-A514-CC65126075FF}.Release|Any CPU.Build.0 = Release|Any CPU
		{14C5116E-ACC1-4C5F-A514-CC65126075FF}.Release|x64.ActiveCfg = Release|Any CPU
		{14C5116E-ACC1-4C5F-A514-CC65126075FF}.Release|x64.Build.0 = Release|Any CPU
		{14C5116E-ACC1-4C5F-A514-CC65126075FF}.Release|x86.ActiveCfg = Release|Any CPU
		{14C5116E-ACC1-4C5F-A514-CC65126075FF}.Release|x86.Build.0 = Release|Any CPU
		{B2B6CA9B-9253-4906-9485-034A1791E37E}.Debug|Any CPU.ActiveCfg = Debug|Any CPU
		{B2B6CA9B-9253-4906-9485-034A1791E37E}.Debug|Any CPU.Build.0 = Debug|Any CPU
		{B2B6CA9B-9253-4906-9485-034A1791E37E}.Debug|x64.ActiveCfg = Debug|Any CPU
		{B2B6CA9B-9253-4906-9485-034A1791E37E}.Debug|x64.Build.0 = Debug|Any CPU
		{B2B6CA9B-9253-4906-9485-034A1791E37E}.Debug|x86.ActiveCfg = Debug|Any CPU
		{B2B6CA9B-9253-4906-9485-034A1791E37E}.Debug|x86.Build.0 = Debug|Any CPU
		{B2B6CA9B-9253-4906-9485-034A1791E37E}.Release|Any CPU.ActiveCfg = Release|Any CPU
		{B2B6CA9B-9253-4906-9485-034A1791E37E}.Release|Any CPU.Build.0 = Release|Any CPU
		{B2B6CA9B-9253-4906-9485-034A1791E37E}.Release|x64.ActiveCfg = Release|Any CPU
		{B2B6CA9B-9253-4906-9485-034A1791E37E}.Release|x64.Build.0 = Release|Any CPU
		{B2B6CA9B-9253-4906-9485-034A1791E37E}.Release|x86.ActiveCfg = Release|Any CPU
		{B2B6CA9B-9253-4906-9485-034A1791E37E}.Release|x86.Build.0 = Release|Any CPU
		{2D898BBE-9531-4C10-A736-6683CBC36DB5}.Debug|Any CPU.ActiveCfg = Debug|Any CPU
		{2D898BBE-9531-4C10-A736-6683CBC36DB5}.Debug|Any CPU.Build.0 = Debug|Any CPU
		{2D898BBE-9531-4C10-A736-6683CBC36DB5}.Debug|x64.ActiveCfg = Debug|Any CPU
		{2D898BBE-9531-4C10-A736-6683CBC36DB5}.Debug|x64.Build.0 = Debug|Any CPU
		{2D898BBE-9531-4C10-A736-6683CBC36DB5}.Debug|x86.ActiveCfg = Debug|Any CPU
		{2D898BBE-9531-4C10-A736-6683CBC36DB5}.Debug|x86.Build.0 = Debug|Any CPU
		{2D898BBE-9531-4C10-A736-6683CBC36DB5}.Release|Any CPU.ActiveCfg = Release|Any CPU
		{2D898BBE-9531-4C10-A736-6683CBC36DB5}.Release|Any CPU.Build.0 = Release|Any CPU
		{2D898BBE-9531-4C10-A736-6683CBC36DB5}.Release|x64.ActiveCfg = Release|Any CPU
		{2D898BBE-9531-4C10-A736-6683CBC36DB5}.Release|x64.Build.0 = Release|Any CPU
		{2D898BBE-9531-4C10-A736-6683CBC36DB5}.Release|x86.ActiveCfg = Release|Any CPU
		{2D898BBE-9531-4C10-A736-6683CBC36DB5}.Release|x86.Build.0 = Release|Any CPU
		{CB38ACEF-F120-4D8A-8440-4A65A170E150}.Debug|Any CPU.ActiveCfg = Debug|Any CPU
		{CB38ACEF-F120-4D8A-8440-4A65A170E150}.Debug|Any CPU.Build.0 = Debug|Any CPU
		{CB38ACEF-F120-4D8A-8440-4A65A170E150}.Debug|x64.ActiveCfg = Debug|Any CPU
		{CB38ACEF-F120-4D8A-8440-4A65A170E150}.Debug|x64.Build.0 = Debug|Any CPU
		{CB38ACEF-F120-4D8A-8440-4A65A170E150}.Debug|x86.ActiveCfg = Debug|Any CPU
		{CB38ACEF-F120-4D8A-8440-4A65A170E150}.Debug|x86.Build.0 = Debug|Any CPU
		{CB38ACEF-F120-4D8A-8440-4A65A170E150}.Release|Any CPU.ActiveCfg = Release|Any CPU
		{CB38ACEF-F120-4D8A-8440-4A65A170E150}.Release|Any CPU.Build.0 = Release|Any CPU
		{CB38ACEF-F120-4D8A-8440-4A65A170E150}.Release|x64.ActiveCfg = Release|Any CPU
		{CB38ACEF-F120-4D8A-8440-4A65A170E150}.Release|x64.Build.0 = Release|Any CPU
		{CB38ACEF-F120-4D8A-8440-4A65A170E150}.Release|x86.ActiveCfg = Release|Any CPU
		{CB38ACEF-F120-4D8A-8440-4A65A170E150}.Release|x86.Build.0 = Release|Any CPU
		{6ABD9257-31C2-4618-A507-280532620282}.Debug|Any CPU.ActiveCfg = Debug|Any CPU
		{6ABD9257-31C2-4618-A507-280532620282}.Debug|Any CPU.Build.0 = Debug|Any CPU
		{6ABD9257-31C2-4618-A507-280532620282}.Debug|x64.ActiveCfg = Debug|Any CPU
		{6ABD9257-31C2-4618-A507-280532620282}.Debug|x64.Build.0 = Debug|Any CPU
		{6ABD9257-31C2-4618-A507-280532620282}.Debug|x86.ActiveCfg = Debug|Any CPU
		{6ABD9257-31C2-4618-A507-280532620282}.Debug|x86.Build.0 = Debug|Any CPU
		{6ABD9257-31C2-4618-A507-280532620282}.Release|Any CPU.ActiveCfg = Release|Any CPU
		{6ABD9257-31C2-4618-A507-280532620282}.Release|Any CPU.Build.0 = Release|Any CPU
		{6ABD9257-31C2-4618-A507-280532620282}.Release|x64.ActiveCfg = Release|Any CPU
		{6ABD9257-31C2-4618-A507-280532620282}.Release|x64.Build.0 = Release|Any CPU
		{6ABD9257-31C2-4618-A507-280532620282}.Release|x86.ActiveCfg = Release|Any CPU
		{6ABD9257-31C2-4618-A507-280532620282}.Release|x86.Build.0 = Release|Any CPU
	EndGlobalSection
	GlobalSection(SolutionProperties) = preSolution
		HideSolutionNode = FALSE
	EndGlobalSection
	GlobalSection(NestedProjects) = preSolution
		{42FA6233-BCA7-480D-997E-0830FB02C8B9} = {58FA2056-605B-44F2-9A05-EA1D14B38330}
		{03F218E4-3C4C-4725-85E6-47FAB21E76F7} = {58FA2056-605B-44F2-9A05-EA1D14B38330}
		{B7F8C749-EB76-406A-AD84-756D25C3BDF3} = {58FA2056-605B-44F2-9A05-EA1D14B38330}
		{08D26F35-90C8-41A6-BAE8-7D74F038A80E} = {58FA2056-605B-44F2-9A05-EA1D14B38330}
		{8FF6643E-B5C2-4089-A343-760245B5E04B} = {58FA2056-605B-44F2-9A05-EA1D14B38330}
		{630D4A32-4F4B-48CE-A4E9-32D4FD00B007} = {58FA2056-605B-44F2-9A05-EA1D14B38330}
		{14C5116E-ACC1-4C5F-A514-CC65126075FF} = {58FA2056-605B-44F2-9A05-EA1D14B38330}
		{B2B6CA9B-9253-4906-9485-034A1791E37E} = {74C86CAA-D145-46CF-AB77-504C7787C58F}
		{74C86CAA-D145-46CF-AB77-504C7787C58F} = {E5E6E6CD-3C9A-456E-AE93-17BC33287D4B}
		{2D898BBE-9531-4C10-A736-6683CBC36DB5} = {74C86CAA-D145-46CF-AB77-504C7787C58F}
		{63E5FE5C-E175-443C-A19D-19A06CDA0060} = {E5E6E6CD-3C9A-456E-AE93-17BC33287D4B}
		{CB38ACEF-F120-4D8A-8440-4A65A170E150} = {63E5FE5C-E175-443C-A19D-19A06CDA0060}
		{8F35531F-AE26-4A72-B982-812FB6F310B9} = {E5E6E6CD-3C9A-456E-AE93-17BC33287D4B}
		{6ABD9257-31C2-4618-A507-280532620282} = {8F35531F-AE26-4A72-B982-812FB6F310B9}
	EndGlobalSection
	GlobalSection(ExtensibilityGlobals) = postSolution
		SolutionGuid = {74317B6D-AF9C-4600-B90F-E96FA3E71A93}
	EndGlobalSection
EndGlobal
